
Microsoft Visual Studio Solution File, Format Version 12.00
# Visual Studio Version 17
VisualStudioVersion = 17.0.32014.148
MinimumVisualStudioVersion = 10.0.40219.1
Project("{FAE04EC0-301F-11D3-BF4B-00C04F79EFBC}") = "WebCRUDmvcSQL", "WebCRUDmvcSQL\WebCRUDmvcSQL.csproj", "{CDCB70EC-0DA4-4D96-A6F6-E6E596B25303}"
EndProject
Global
	GlobalSection(SolutionConfigurationPlatforms) = preSolution
		Debug|Any CPU = Debug|Any CPU
		Release|Any CPU = Release|Any CPU
	EndGlobalSection
	GlobalSection(ProjectConfigurationPlatforms) = postSolution
		{CDCB70EC-0DA4-4D96-A6F6-E6E596B25303}.Debug|Any CPU.ActiveCfg = Debug|Any CPU
		{CDCB70EC-0DA4-4D96-A6F6-E6E596B25303}.Debug|Any CPU.Build.0 = Debug|Any CPU
		{CDCB70EC-0DA4-4D96-A6F6-E6E596B25303}.Release|Any CPU.ActiveCfg = Release|Any CPU
		{CDCB70EC-0DA4-4D96-A6F6-E6E596B25303}.Release|Any CPU.Build.0 = Release|Any CPU
	EndGlobalSection
	GlobalSection(SolutionProperties) = preSolution
		HideSolutionNode = FALSE
	EndGlobalSection
	GlobalSection(ExtensibilityGlobals) = postSolution
		SolutionGuid = {CF0B4550-5284-497D-AC60-853E31A87E98}
	EndGlobalSection
EndGlobal
